
Microsoft Visual Studio Solution File, Format Version 12.00
# Visual Studio Version 17
VisualStudioVersion = 17.9.34622.214
MinimumVisualStudioVersion = 10.0.40219.1
Project("{FAE04EC0-301F-11D3-BF4B-00C04F79EFBC}") = "Core_Proje", "Core_Proje\Core_Proje.csproj", "{D5367EF6-FBED-45F5-B8CE-CAE8F0C60833}"
EndProject
Project("{FAE04EC0-301F-11D3-BF4B-00C04F79EFBC}") = "BusinessLayer", "BusinessLayer\BusinessLayer.csproj", "{93E4D33B-2957-438D-BBB8-D99395AF5419}"
EndProject
Project("{FAE04EC0-301F-11D3-BF4B-00C04F79EFBC}") = "DataAccessLayer", "DataAccessLayer\DataAccessLayer.csproj", "{C6F696E3-32FA-4C04-8D43-C8C5B0BF9756}"
EndProject
Project("{FAE04EC0-301F-11D3-BF4B-00C04F79EFBC}") = "EntityLayer", "EntityLayer\EntityLayer.csproj", "{C6A79453-9561-465F-9C6D-2B59049A3A2B}"
EndProject
Global
	GlobalSection(SolutionConfigurationPlatforms) = preSolution
		Debug|Any CPU = Debug|Any CPU
		Release|Any CPU = Release|Any CPU
	EndGlobalSection
	GlobalSection(ProjectConfigurationPlatforms) = postSolution
		{D5367EF6-FBED-45F5-B8CE-CAE8F0C60833}.Debug|Any CPU.ActiveCfg = Debug|Any CPU
		{D5367EF6-FBED-45F5-B8CE-CAE8F0C60833}.Debug|Any CPU.Build.0 = Debug|Any CPU
		{D5367EF6-FBED-45F5-B8CE-CAE8F0C60833}.Release|Any CPU.ActiveCfg = Release|Any CPU
		{D5367EF6-FBED-45F5-B8CE-CAE8F0C60833}.Release|Any CPU.Build.0 = Release|Any CPU
		{93E4D33B-2957-438D-BBB8-D99395AF5419}.Debug|Any CPU.ActiveCfg = Debug|Any CPU
		{93E4D33B-2957-438D-BBB8-D99395AF5419}.Debug|Any CPU.Build.0 = Debug|Any CPU
		{93E4D33B-2957-438D-BBB8-D99395AF5419}.Release|Any CPU.ActiveCfg = Release|Any CPU
		{93E4D33B-2957-438D-BBB8-D99395AF5419}.Release|Any CPU.Build.0 = Release|Any CPU
		{C6F696E3-32FA-4C04-8D43-C8C5B0BF9756}.Debug|Any CPU.ActiveCfg = Debug|Any CPU
		{C6F696E3-32FA-4C04-8D43-C8C5B0BF9756}.Debug|Any CPU.Build.0 = Debug|Any CPU
		{C6F696E3-32FA-4C04-8D43-C8C5B0BF9756}.Release|Any CPU.ActiveCfg = Release|Any CPU
		{C6F696E3-32FA-4C04-8D43-C8C5B0BF9756}.Release|Any CPU.Build.0 = Release|Any CPU
		{C6A79453-9561-465F-9C6D-2B59049A3A2B}.Debug|Any CPU.ActiveCfg = Debug|Any CPU
		{C6A79453-9561-465F-9C6D-2B59049A3A2B}.Debug|Any CPU.Build.0 = Debug|Any CPU
		{C6A79453-9561-465F-9C6D-2B59049A3A2B}.Release|Any CPU.ActiveCfg = Release|Any CPU
		{C6A79453-9561-465F-9C6D-2B59049A3A2B}.Release|Any CPU.Build.0 = Release|Any CPU
	EndGlobalSection
	GlobalSection(SolutionProperties) = preSolution
		HideSolutionNode = FALSE
	EndGlobalSection
	GlobalSection(ExtensibilityGlobals) = postSolution
		SolutionGuid = {93B1DAA1-0BCF-4AF3-A0BA-8B39931A818F}
	EndGlobalSection
EndGlobal
